// !$*UTF8*$!
{
	archiveVersion = 1;
	classes = {
	};
	objectVersion = 56;
	objects = {

/* Begin PBXBuildFile section */
		80C0D9B12A23B24A00E74602 /* UsermessageViewController.swift in Sources */ = {isa = PBXBuildFile; fileRef = 80C0D9B02A23B24A00E74602 /* UsermessageViewController.swift */; };
		D377ECDB2A1BC2E700CA6A2E /* AppDelegate.swift in Sources */ = {isa = PBXBuildFile; fileRef = D377ECDA2A1BC2E700CA6A2E /* AppDelegate.swift */; };
		D377ECDD2A1BC2E700CA6A2E /* SceneDelegate.swift in Sources */ = {isa = PBXBuildFile; fileRef = D377ECDC2A1BC2E700CA6A2E /* SceneDelegate.swift */; };
		D377ECDF2A1BC2E700CA6A2E /* ViewController.swift in Sources */ = {isa = PBXBuildFile; fileRef = D377ECDE2A1BC2E700CA6A2E /* ViewController.swift */; };
		D377ECE22A1BC2E700CA6A2E /* Main.storyboard in Resources */ = {isa = PBXBuildFile; fileRef = D377ECE02A1BC2E700CA6A2E /* Main.storyboard */; };
		D377ECE42A1BC2E900CA6A2E /* Assets.xcassets in Resources */ = {isa = PBXBuildFile; fileRef = D377ECE32A1BC2E900CA6A2E /* Assets.xcassets */; };
		D377ECE72A1BC2E900CA6A2E /* LaunchScreen.storyboard in Resources */ = {isa = PBXBuildFile; fileRef = D377ECE52A1BC2E900CA6A2E /* LaunchScreen.storyboard */; };
		D377ECF22A1BC2E900CA6A2E /* DemoChatZaloClassTests.swift in Sources */ = {isa = PBXBuildFile; fileRef = D377ECF12A1BC2E900CA6A2E /* DemoChatZaloClassTests.swift */; };
		D377ECFC2A1BC2E900CA6A2E /* DemoChatZaloClassUITests.swift in Sources */ = {isa = PBXBuildFile; fileRef = D377ECFB2A1BC2E900CA6A2E /* DemoChatZaloClassUITests.swift */; };
		D377ECFE2A1BC2E900CA6A2E /* DemoChatZaloClassUITestsLaunchTests.swift in Sources */ = {isa = PBXBuildFile; fileRef = D377ECFD2A1BC2E900CA6A2E /* DemoChatZaloClassUITestsLaunchTests.swift */; };
		D377ED0C2A1BC32500CA6A2E /* UserModel.swift in Sources */ = {isa = PBXBuildFile; fileRef = D377ED0B2A1BC32500CA6A2E /* UserModel.swift */; };
		D377ED0E2A1BC34300CA6A2E /* ConversationModel.swift in Sources */ = {isa = PBXBuildFile; fileRef = D377ED0D2A1BC34300CA6A2E /* ConversationModel.swift */; };
		D377ED102A1BC35400CA6A2E /* MessageModel.swift in Sources */ = {isa = PBXBuildFile; fileRef = D377ED0F2A1BC35400CA6A2E /* MessageModel.swift */; };
		D377ED132A1BC46F00CA6A2E /* ConversationViewController.swift in Sources */ = {isa = PBXBuildFile; fileRef = D377ED122A1BC46F00CA6A2E /* ConversationViewController.swift */; };
		D377ED152A1BD11900CA6A2E /* ConversationMessageViewController.swift in Sources */ = {isa = PBXBuildFile; fileRef = D377ED142A1BD11900CA6A2E /* ConversationMessageViewController.swift */; };
/* End PBXBuildFile section */

/* Begin PBXContainerItemProxy section */
		D377ECEE2A1BC2E900CA6A2E /* PBXContainerItemProxy */ = {
			isa = PBXContainerItemProxy;
			containerPortal = D377ECCF2A1BC2E700CA6A2E /* Project object */;
			proxyType = 1;
			remoteGlobalIDString = D377ECD62A1BC2E700CA6A2E;
			remoteInfo = DemoChatZaloClass;
		};
		D377ECF82A1BC2E900CA6A2E /* PBXContainerItemProxy */ = {
			isa = PBXContainerItemProxy;
			containerPortal = D377ECCF2A1BC2E700CA6A2E /* Project object */;
			proxyType = 1;
			remoteGlobalIDString = D377ECD62A1BC2E700CA6A2E;
			remoteInfo = DemoChatZaloClass;
		};
/* End PBXContainerItemProxy section */

/* Begin PBXFileReference section */
		80C0D9B02A23B24A00E74602 /* UsermessageViewController.swift */ = {isa = PBXFileReference; lastKnownFileType = sourcecode.swift; path = UsermessageViewController.swift; sourceTree = "<group>"; };
		D377ECD72A1BC2E700CA6A2E /* DemoChatZaloClass.app */ = {isa = PBXFileReference; explicitFileType = wrapper.application; includeInIndex = 0; path = DemoChatZaloClass.app; sourceTree = BUILT_PRODUCTS_DIR; };
		D377ECDA2A1BC2E700CA6A2E /* AppDelegate.swift */ = {isa = PBXFileReference; lastKnownFileType = sourcecode.swift; path = AppDelegate.swift; sourceTree = "<group>"; };
		D377ECDC2A1BC2E700CA6A2E /* SceneDelegate.swift */ = {isa = PBXFileReference; lastKnownFileType = sourcecode.swift; path = SceneDelegate.swift; sourceTree = "<group>"; };
		D377ECDE2A1BC2E700CA6A2E /* ViewController.swift */ = {isa = PBXFileReference; lastKnownFileType = sourcecode.swift; path = ViewController.swift; sourceTree = "<group>"; };
		D377ECE12A1BC2E700CA6A2E /* Base */ = {isa = PBXFileReference; lastKnownFileType = file.storyboard; name = Base; path = Base.lproj/Main.storyboard; sourceTree = "<group>"; };
		D377ECE32A1BC2E900CA6A2E /* Assets.xcassets */ = {isa = PBXFileReference; lastKnownFileType = folder.assetcatalog; path = Assets.xcassets; sourceTree = "<group>"; };
		D377ECE62A1BC2E900CA6A2E /* Base */ = {isa = PBXFileReference; lastKnownFileType = file.storyboard; name = Base; path = Base.lproj/LaunchScreen.storyboard; sourceTree = "<group>"; };
		D377ECE82A1BC2E900CA6A2E /* Info.plist */ = {isa = PBXFileReference; lastKnownFileType = text.plist.xml; path = Info.plist; sourceTree = "<group>"; };
		D377ECED2A1BC2E900CA6A2E /* DemoChatZaloClassTests.xctest */ = {isa = PBXFileReference; explicitFileType = wrapper.cfbundle; includeInIndex = 0; path = DemoChatZaloClassTests.xctest; sourceTree = BUILT_PRODUCTS_DIR; };
		D377ECF12A1BC2E900CA6A2E /* DemoChatZaloClassTests.swift */ = {isa = PBXFileReference; lastKnownFileType = sourcecode.swift; path = DemoChatZaloClassTests.swift; sourceTree = "<group>"; };
		D377ECF72A1BC2E900CA6A2E /* DemoChatZaloClassUITests.xctest */ = {isa = PBXFileReference; explicitFileType = wrapper.cfbundle; includeInIndex = 0; path = DemoChatZaloClassUITests.xctest; sourceTree = BUILT_PRODUCTS_DIR; };
		D377ECFB2A1BC2E900CA6A2E /* DemoChatZaloClassUITests.swift */ = {isa = PBXFileReference; lastKnownFileType = sourcecode.swift; path = DemoChatZaloClassUITests.swift; sourceTree = "<group>"; };
		D377ECFD2A1BC2E900CA6A2E /* DemoChatZaloClassUITestsLaunchTests.swift */ = {isa = PBXFileReference; lastKnownFileType = sourcecode.swift; path = DemoChatZaloClassUITestsLaunchTests.swift; sourceTree = "<group>"; };
		D377ED0B2A1BC32500CA6A2E /* UserModel.swift */ = {isa = PBXFileReference; lastKnownFileType = sourcecode.swift; path = UserModel.swift; sourceTree = "<group>"; };
		D377ED0D2A1BC34300CA6A2E /* ConversationModel.swift */ = {isa = PBXFileReference; lastKnownFileType = sourcecode.swift; path = ConversationModel.swift; sourceTree = "<group>"; };
		D377ED0F2A1BC35400CA6A2E /* MessageModel.swift */ = {isa = PBXFileReference; lastKnownFileType = sourcecode.swift; path = MessageModel.swift; sourceTree = "<group>"; };
		D377ED122A1BC46F00CA6A2E /* ConversationViewController.swift */ = {isa = PBXFileReference; lastKnownFileType = sourcecode.swift; path = ConversationViewController.swift; sourceTree = "<group>"; };
		D377ED142A1BD11900CA6A2E /* ConversationMessageViewController.swift */ = {isa = PBXFileReference; lastKnownFileType = sourcecode.swift; path = ConversationMessageViewController.swift; sourceTree = "<group>"; };
/* End PBXFileReference section */

/* Begin PBXFrameworksBuildPhase section */
		D377ECD42A1BC2E700CA6A2E /* Frameworks */ = {
			isa = PBXFrameworksBuildPhase;
			buildActionMask = 2147483647;
			files = (
			);
			runOnlyForDeploymentPostprocessing = 0;
		};
		D377ECEA2A1BC2E900CA6A2E /* Frameworks */ = {
			isa = PBXFrameworksBuildPhase;
			buildActionMask = 2147483647;
			files = (
			);
			runOnlyForDeploymentPostprocessing = 0;
		};
		D377ECF42A1BC2E900CA6A2E /* Frameworks */ = {
			isa = PBXFrameworksBuildPhase;
			buildActionMask = 2147483647;
			files = (
			);
			runOnlyForDeploymentPostprocessing = 0;
		};
/* End PBXFrameworksBuildPhase section */

/* Begin PBXGroup section */
		D377ECCE2A1BC2E700CA6A2E = {
			isa = PBXGroup;
			children = (
				D377ECD92A1BC2E700CA6A2E /* DemoChatZaloClass */,
				D377ECF02A1BC2E900CA6A2E /* DemoChatZaloClassTests */,
				D377ECFA2A1BC2E900CA6A2E /* DemoChatZaloClassUITests */,
				D377ECD82A1BC2E700CA6A2E /* Products */,
			);
			sourceTree = "<group>";
		};
		D377ECD82A1BC2E700CA6A2E /* Products */ = {
			isa = PBXGroup;
			children = (
				D377ECD72A1BC2E700CA6A2E /* DemoChatZaloClass.app */,
				D377ECED2A1BC2E900CA6A2E /* DemoChatZaloClassTests.xctest */,
				D377ECF72A1BC2E900CA6A2E /* DemoChatZaloClassUITests.xctest */,
			);
			name = Products;
			sourceTree = "<group>";
		};
		D377ECD92A1BC2E700CA6A2E /* DemoChatZaloClass */ = {
			isa = PBXGroup;
			children = (
				D377ED112A1BC3D900CA6A2E /* ViewController */,
				D377ED0A2A1BC30000CA6A2E /* Model */,
				D377ECDA2A1BC2E700CA6A2E /* AppDelegate.swift */,
				D377ECDC2A1BC2E700CA6A2E /* SceneDelegate.swift */,
				D377ECDE2A1BC2E700CA6A2E /* ViewController.swift */,
				D377ECE02A1BC2E700CA6A2E /* Main.storyboard */,
				D377ECE32A1BC2E900CA6A2E /* Assets.xcassets */,
				D377ECE52A1BC2E900CA6A2E /* LaunchScreen.storyboard */,
				D377ECE82A1BC2E900CA6A2E /* Info.plist */,
			);
			path = DemoChatZaloClass;
			sourceTree = "<group>";
		};
		D377ECF02A1BC2E900CA6A2E /* DemoChatZaloClassTests */ = {
			isa = PBXGroup;
			children = (
				D377ECF12A1BC2E900CA6A2E /* DemoChatZaloClassTests.swift */,
			);
			path = DemoChatZaloClassTests;
			sourceTree = "<group>";
		};
		D377ECFA2A1BC2E900CA6A2E /* DemoChatZaloClassUITests */ = {
			isa = PBXGroup;
			children = (
				D377ECFB2A1BC2E900CA6A2E /* DemoChatZaloClassUITests.swift */,
				D377ECFD2A1BC2E900CA6A2E /* DemoChatZaloClassUITestsLaunchTests.swift */,
			);
			path = DemoChatZaloClassUITests;
			sourceTree = "<group>";
		};
		D377ED0A2A1BC30000CA6A2E /* Model */ = {
			isa = PBXGroup;
			children = (
				D377ED0B2A1BC32500CA6A2E /* UserModel.swift */,
				D377ED0D2A1BC34300CA6A2E /* ConversationModel.swift */,
				D377ED0F2A1BC35400CA6A2E /* MessageModel.swift */,
			);
			path = Model;
			sourceTree = "<group>";
		};
		D377ED112A1BC3D900CA6A2E /* ViewController */ = {
			isa = PBXGroup;
			children = (
				D377ED122A1BC46F00CA6A2E /* ConversationViewController.swift */,
				D377ED142A1BD11900CA6A2E /* ConversationMessageViewController.swift */,
				80C0D9B02A23B24A00E74602 /* UsermessageViewController.swift */,
			);
			path = ViewController;
			sourceTree = "<group>";
		};
/* End PBXGroup section */

/* Begin PBXNativeTarget section */
		D377ECD62A1BC2E700CA6A2E /* DemoChatZaloClass */ = {
			isa = PBXNativeTarget;
			buildConfigurationList = D377ED012A1BC2E900CA6A2E /* Build configuration list for PBXNativeTarget "DemoChatZaloClass" */;
			buildPhases = (
				D377ECD32A1BC2E700CA6A2E /* Sources */,
				D377ECD42A1BC2E700CA6A2E /* Frameworks */,
				D377ECD52A1BC2E700CA6A2E /* Resources */,
			);
			buildRules = (
			);
			dependencies = (
			);
			name = DemoChatZaloClass;
			productName = DemoChatZaloClass;
			productReference = D377ECD72A1BC2E700CA6A2E /* DemoChatZaloClass.app */;
			productType = "com.apple.product-type.application";
		};
		D377ECEC2A1BC2E900CA6A2E /* DemoChatZaloClassTests */ = {
			isa = PBXNativeTarget;
			buildConfigurationList = D377ED042A1BC2E900CA6A2E /* Build configuration list for PBXNativeTarget "DemoChatZaloClassTests" */;
			buildPhases = (
				D377ECE92A1BC2E900CA6A2E /* Sources */,
				D377ECEA2A1BC2E900CA6A2E /* Frameworks */,
				D377ECEB2A1BC2E900CA6A2E /* Resources */,
			);
			buildRules = (
			);
			dependencies = (
				D377ECEF2A1BC2E900CA6A2E /* PBXTargetDependency */,
			);
			name = DemoChatZaloClassTests;
			productName = DemoChatZaloClassTests;
			productReference = D377ECED2A1BC2E900CA6A2E /* DemoChatZaloClassTests.xctest */;
			productType = "com.apple.product-type.bundle.unit-test";
		};
		D377ECF62A1BC2E900CA6A2E /* DemoChatZaloClassUITests */ = {
			isa = PBXNativeTarget;
			buildConfigurationList = D377ED072A1BC2E900CA6A2E /* Build configuration list for PBXNativeTarget "DemoChatZaloClassUITests" */;
			buildPhases = (
				D377ECF32A1BC2E900CA6A2E /* Sources */,
				D377ECF42A1BC2E900CA6A2E /* Frameworks */,
				D377ECF52A1BC2E900CA6A2E /* Resources */,
			);
			buildRules = (
			);
			dependencies = (
				D377ECF92A1BC2E900CA6A2E /* PBXTargetDependency */,
			);
			name = DemoChatZaloClassUITests;
			productName = DemoChatZaloClassUITests;
			productReference = D377ECF72A1BC2E900CA6A2E /* DemoChatZaloClassUITests.xctest */;
			productType = "com.apple.product-type.bundle.ui-testing";
		};
/* End PBXNativeTarget section */

/* Begin PBXProject section */
		D377ECCF2A1BC2E700CA6A2E /* Project object */ = {
			isa = PBXProject;
			attributes = {
				BuildIndependentTargetsInParallel = 1;
				LastSwiftUpdateCheck = 1430;
				LastUpgradeCheck = 1430;
				TargetAttributes = {
					D377ECD62A1BC2E700CA6A2E = {
						CreatedOnToolsVersion = 14.3;
					};
					D377ECEC2A1BC2E900CA6A2E = {
						CreatedOnToolsVersion = 14.3;
						TestTargetID = D377ECD62A1BC2E700CA6A2E;
					};
					D377ECF62A1BC2E900CA6A2E = {
						CreatedOnToolsVersion = 14.3;
						TestTargetID = D377ECD62A1BC2E700CA6A2E;
					};
				};
			};
			buildConfigurationList = D377ECD22A1BC2E700CA6A2E /* Build configuration list for PBXProject "DemoChatZaloClass" */;
			compatibilityVersion = "Xcode 14.0";
			developmentRegion = en;
			hasScannedForEncodings = 0;
			knownRegions = (
				en,
				Base,
			);
			mainGroup = D377ECCE2A1BC2E700CA6A2E;
			productRefGroup = D377ECD82A1BC2E700CA6A2E /* Products */;
			projectDirPath = "";
			projectRoot = "";
			targets = (
				D377ECD62A1BC2E700CA6A2E /* DemoChatZaloClass */,
				D377ECEC2A1BC2E900CA6A2E /* DemoChatZaloClassTests */,
				D377ECF62A1BC2E900CA6A2E /* DemoChatZaloClassUITests */,
			);
		};
/* End PBXProject section */

/* Begin PBXResourcesBuildPhase section */
		D377ECD52A1BC2E700CA6A2E /* Resources */ = {
			isa = PBXResourcesBuildPhase;
			buildActionMask = 2147483647;
			files = (
				D377ECE72A1BC2E900CA6A2E /* LaunchScreen.storyboard in Resources */,
				D377ECE42A1BC2E900CA6A2E /* Assets.xcassets in Resources */,
				D377ECE22A1BC2E700CA6A2E /* Main.storyboard in Resources */,
			);
			runOnlyForDeploymentPostprocessing = 0;
		};
		D377ECEB2A1BC2E900CA6A2E /* Resources */ = {
			isa = PBXResourcesBuildPhase;
			buildActionMask = 2147483647;
			files = (
			);
			runOnlyForDeploymentPostprocessing = 0;
		};
		D377ECF52A1BC2E900CA6A2E /* Resources */ = {
			isa = PBXResourcesBuildPhase;
			buildActionMask = 2147483647;
			files = (
			);
			runOnlyForDeploymentPostprocessing = 0;
		};
/* End PBXResourcesBuildPhase section */

/* Begin PBXSourcesBuildPhase section */
		D377ECD32A1BC2E700CA6A2E /* Sources */ = {
			isa = PBXSourcesBuildPhase;
			buildActionMask = 2147483647;
			files = (
				D377ED132A1BC46F00CA6A2E /* ConversationViewController.swift in Sources */,
				D377ED152A1BD11900CA6A2E /* ConversationMessageViewController.swift in Sources */,
				D377ECDF2A1BC2E700CA6A2E /* ViewController.swift in Sources */,
				80C0D9B12A23B24A00E74602 /* UsermessageViewController.swift in Sources */,
				D377ED102A1BC35400CA6A2E /* MessageModel.swift in Sources */,
				D377ED0E2A1BC34300CA6A2E /* ConversationModel.swift in Sources */,
				D377ECDB2A1BC2E700CA6A2E /* AppDelegate.swift in Sources */,
				D377ED0C2A1BC32500CA6A2E /* UserModel.swift in Sources */,
				D377ECDD2A1BC2E700CA6A2E /* SceneDelegate.swift in Sources */,
			);
			runOnlyForDeploymentPostprocessing = 0;
		};
		D377ECE92A1BC2E900CA6A2E /* Sources */ = {
			isa = PBXSourcesBuildPhase;
			buildActionMask = 2147483647;
			files = (
				D377ECF22A1BC2E900CA6A2E /* DemoChatZaloClassTests.swift in Sources */,
			);
			runOnlyForDeploymentPostprocessing = 0;
		};
		D377ECF32A1BC2E900CA6A2E /* Sources */ = {
			isa = PBXSourcesBuildPhase;
			buildActionMask = 2147483647;
			files = (
				D377ECFE2A1BC2E900CA6A2E /* DemoChatZaloClassUITestsLaunchTests.swift in Sources */,
				D377ECFC2A1BC2E900CA6A2E /* DemoChatZaloClassUITests.swift in Sources */,
			);
			runOnlyForDeploymentPostprocessing = 0;
		};
/* End PBXSourcesBuildPhase section */

/* Begin PBXTargetDependency section */
		D377ECEF2A1BC2E900CA6A2E /* PBXTargetDependency */ = {
			isa = PBXTargetDependency;
			target = D377ECD62A1BC2E700CA6A2E /* DemoChatZaloClass */;
			targetProxy = D377ECEE2A1BC2E900CA6A2E /* PBXContainerItemProxy */;
		};
		D377ECF92A1BC2E900CA6A2E /* PBXTargetDependency */ = {
			isa = PBXTargetDependency;
			target = D377ECD62A1BC2E700CA6A2E /* DemoChatZaloClass */;
			targetProxy = D377ECF82A1BC2E900CA6A2E /* PBXContainerItemProxy */;
		};
/* End PBXTargetDependency section */

/* Begin PBXVariantGroup section */
		D377ECE02A1BC2E700CA6A2E /* Main.storyboard */ = {
			isa = PBXVariantGroup;
			children = (
				D377ECE12A1BC2E700CA6A2E /* Base */,
			);
			name = Main.storyboard;
			sourceTree = "<group>";
		};
		D377ECE52A1BC2E900CA6A2E /* LaunchScreen.storyboard */ = {
			isa = PBXVariantGroup;
			children = (
				D377ECE62A1BC2E900CA6A2E /* Base */,
			);
			name = LaunchScreen.storyboard;
			sourceTree = "<group>";
		};
/* End PBXVariantGroup section */

/* Begin XCBuildConfiguration section */
		D377ECFF2A1BC2E900CA6A2E /* Debug */ = {
			isa = XCBuildConfiguration;
			buildSettings = {
				ALWAYS_SEARCH_USER_PATHS = NO;
				CLANG_ANALYZER_NONNULL = YES;
				CLANG_ANALYZER_NUMBER_OBJECT_CONVERSION = YES_AGGRESSIVE;
				CLANG_CXX_LANGUAGE_STANDARD = "gnu++20";
				CLANG_ENABLE_MODULES = YES;
				CLANG_ENABLE_OBJC_ARC = YES;
				CLANG_ENABLE_OBJC_WEAK = YES;
				CLANG_WARN_BLOCK_CAPTURE_AUTORELEASING = YES;
				CLANG_WARN_BOOL_CONVERSION = YES;
				CLANG_WARN_COMMA = YES;
				CLANG_WARN_CONSTANT_CONVERSION = YES;
				CLANG_WARN_DEPRECATED_OBJC_IMPLEMENTATIONS = YES;
				CLANG_WARN_DIRECT_OBJC_ISA_USAGE = YES_ERROR;
				CLANG_WARN_DOCUMENTATION_COMMENTS = YES;
				CLANG_WARN_EMPTY_BODY = YES;
				CLANG_WARN_ENUM_CONVERSION = YES;
				CLANG_WARN_INFINITE_RECURSION = YES;
				CLANG_WARN_INT_CONVERSION = YES;
				CLANG_WARN_NON_LITERAL_NULL_CONVERSION = YES;
				CLANG_WARN_OBJC_IMPLICIT_RETAIN_SELF = YES;
				CLANG_WARN_OBJC_LITERAL_CONVERSION = YES;
				CLANG_WARN_OBJC_ROOT_CLASS = YES_ERROR;
				CLANG_WARN_QUOTED_INCLUDE_IN_FRAMEWORK_HEADER = YES;
				CLANG_WARN_RANGE_LOOP_ANALYSIS = YES;
				CLANG_WARN_STRICT_PROTOTYPES = YES;
				CLANG_WARN_SUSPICIOUS_MOVE = YES;
				CLANG_WARN_UNGUARDED_AVAILABILITY = YES_AGGRESSIVE;
				CLANG_WARN_UNREACHABLE_CODE = YES;
				CLANG_WARN__DUPLICATE_METHOD_MATCH = YES;
				COPY_PHASE_STRIP = NO;
				DEBUG_INFORMATION_FORMAT = dwarf;
				ENABLE_STRICT_OBJC_MSGSEND = YES;
				ENABLE_TESTABILITY = YES;
				GCC_C_LANGUAGE_STANDARD = gnu11;
				GCC_DYNAMIC_NO_PIC = NO;
				GCC_NO_COMMON_BLOCKS = YES;
				GCC_OPTIMIZATION_LEVEL = 0;
				GCC_PREPROCESSOR_DEFINITIONS = (
					"DEBUG=1",
					"$(inherited)",
				);
				GCC_WARN_64_TO_32_BIT_CONVERSION = YES;
				GCC_WARN_ABOUT_RETURN_TYPE = YES_ERROR;
				GCC_WARN_UNDECLARED_SELECTOR = YES;
				GCC_WARN_UNINITIALIZED_AUTOS = YES_AGGRESSIVE;
				GCC_WARN_UNUSED_FUNCTION = YES;
				GCC_WARN_UNUSED_VARIABLE = YES;
				IPHONEOS_DEPLOYMENT_TARGET = 16.4;
				MTL_ENABLE_DEBUG_INFO = INCLUDE_SOURCE;
				MTL_FAST_MATH = YES;
				ONLY_ACTIVE_ARCH = YES;
				SDKROOT = iphoneos;
				SWIFT_ACTIVE_COMPILATION_CONDITIONS = DEBUG;
				SWIFT_OPTIMIZATION_LEVEL = "-Onone";
			};
			name = Debug;
		};
		D377ED002A1BC2E900CA6A2E /* Release */ = {
			isa = XCBuildConfiguration;
			buildSettings = {
				ALWAYS_SEARCH_USER_PATHS = NO;
				CLANG_ANALYZER_NONNULL = YES;
				CLANG_ANALYZER_NUMBER_OBJECT_CONVERSION = YES_AGGRESSIVE;
				CLANG_CXX_LANGUAGE_STANDARD = "gnu++20";
				CLANG_ENABLE_MODULES = YES;
				CLANG_ENABLE_OBJC_ARC = YES;
				CLANG_ENABLE_OBJC_WEAK = YES;
				CLANG_WARN_BLOCK_CAPTURE_AUTORELEASING = YES;
				CLANG_WARN_BOOL_CONVERSION = YES;
				CLANG_WARN_COMMA = YES;
				CLANG_WARN_CONSTANT_CONVERSION = YES;
				CLANG_WARN_DEPRECATED_OBJC_IMPLEMENTATIONS = YES;
				CLANG_WARN_DIRECT_OBJC_ISA_USAGE = YES_ERROR;
				CLANG_WARN_DOCUMENTATION_COMMENTS = YES;
				CLANG_WARN_EMPTY_BODY = YES;
				CLANG_WARN_ENUM_CONVERSION = YES;
				CLANG_WARN_INFINITE_RECURSION = YES;
				CLANG_WARN_INT_CONVERSION = YES;
				CLANG_WARN_NON_LITERAL_NULL_CONVERSION = YES;
				CLANG_WARN_OBJC_IMPLICIT_RETAIN_SELF = YES;
				CLANG_WARN_OBJC_LITERAL_CONVERSION = YES;
				CLANG_WARN_OBJC_ROOT_CLASS = YES_ERROR;
				CLANG_WARN_QUOTED_INCLUDE_IN_FRAMEWORK_HEADER = YES;
				CLANG_WARN_RANGE_LOOP_ANALYSIS = YES;
				CLANG_WARN_STRICT_PROTOTYPES = YES;
				CLANG_WARN_SUSPICIOUS_MOVE = YES;
				CLANG_WARN_UNGUARDED_AVAILABILITY = YES_AGGRESSIVE;
				CLANG_WARN_UNREACHABLE_CODE = YES;
				CLANG_WARN__DUPLICATE_METHOD_MATCH = YES;
				COPY_PHASE_STRIP = NO;
				DEBUG_INFORMATION_FORMAT = "dwarf-with-dsym";
				ENABLE_NS_ASSERTIONS = NO;
				ENABLE_STRICT_OBJC_MSGSEND = YES;
				GCC_C_LANGUAGE_STANDARD = gnu11;
				GCC_NO_COMMON_BLOCKS = YES;
				GCC_WARN_64_TO_32_BIT_CONVERSION = YES;
				GCC_WARN_ABOUT_RETURN_TYPE = YES_ERROR;
				GCC_WARN_UNDECLARED_SELECTOR = YES;
				GCC_WARN_UNINITIALIZED_AUTOS = YES_AGGRESSIVE;
				GCC_WARN_UNUSED_FUNCTION = YES;
				GCC_WARN_UNUSED_VARIABLE = YES;
				IPHONEOS_DEPLOYMENT_TARGET = 16.4;
				MTL_ENABLE_DEBUG_INFO = NO;
				MTL_FAST_MATH = YES;
				SDKROOT = iphoneos;
				SWIFT_COMPILATION_MODE = wholemodule;
				SWIFT_OPTIMIZATION_LEVEL = "-O";
				VALIDATE_PRODUCT = YES;
			};
			name = Release;
		};
		D377ED022A1BC2E900CA6A2E /* Debug */ = {
			isa = XCBuildConfiguration;
			buildSettings = {
				ASSETCATALOG_COMPILER_APPICON_NAME = AppIcon;
				ASSETCATALOG_COMPILER_GLOBAL_ACCENT_COLOR_NAME = AccentColor;
				CODE_SIGN_STYLE = Automatic;
				CURRENT_PROJECT_VERSION = 1;
				GENERATE_INFOPLIST_FILE = YES;
				INFOPLIST_FILE = DemoChatZaloClass/Info.plist;
				INFOPLIST_KEY_UIApplicationSupportsIndirectInputEvents = YES;
				INFOPLIST_KEY_UILaunchStoryboardName = LaunchScreen;
				INFOPLIST_KEY_UIMainStoryboardFile = Main;
				INFOPLIST_KEY_UISupportedInterfaceOrientations_iPad = "UIInterfaceOrientationPortrait UIInterfaceOrientationPortraitUpsideDown UIInterfaceOrientationLandscapeLeft UIInterfaceOrientationLandscapeRight";
				INFOPLIST_KEY_UISupportedInterfaceOrientations_iPhone = "UIInterfaceOrientationPortrait UIInterfaceOrientationLandscapeLeft UIInterfaceOrientationLandscapeRight";
				LD_RUNPATH_SEARCH_PATHS = (
					"$(inherited)",
					"@executable_path/Frameworks",
				);
				MARKETING_VERSION = 1.0;
				PRODUCT_BUNDLE_IDENTIFIER = com.linhmanhng.DemoChatZaloClass;
				PRODUCT_NAME = "$(TARGET_NAME)";
				SWIFT_EMIT_LOC_STRINGS = YES;
				SWIFT_VERSION = 5.0;
				TARGETED_DEVICE_FAMILY = "1,2";
			};
			name = Debug;
		};
		D377ED032A1BC2E900CA6A2E /* Release */ = {
			isa = XCBuildConfiguration;
			buildSettings = {
				ASSETCATALOG_COMPILER_APPICON_NAME = AppIcon;
				ASSETCATALOG_COMPILER_GLOBAL_ACCENT_COLOR_NAME = AccentColor;
				CODE_SIGN_STYLE = Automatic;
				CURRENT_PROJECT_VERSION = 1;
				GENERATE_INFOPLIST_FILE = YES;
				INFOPLIST_FILE = DemoChatZaloClass/Info.plist;
				INFOPLIST_KEY_UIApplicationSupportsIndirectInputEvents = YES;
				INFOPLIST_KEY_UILaunchStoryboardName = LaunchScreen;
				INFOPLIST_KEY_UIMainStoryboardFile = Main;
				INFOPLIST_KEY_UISupportedInterfaceOrientations_iPad = "UIInterfaceOrientationPortrait UIInterfaceOrientationPortraitUpsideDown UIInterfaceOrientationLandscapeLeft UIInterfaceOrientationLandscapeRight";
				INFOPLIST_KEY_UISupportedInterfaceOrientations_iPhone = "UIInterfaceOrientationPortrait UIInterfaceOrientationLandscapeLeft UIInterfaceOrientationLandscapeRight";
				LD_RUNPATH_SEARCH_PATHS = (
					"$(inherited)",
					"@executable_path/Frameworks",
				);
				MARKETING_VERSION = 1.0;
				PRODUCT_BUNDLE_IDENTIFIER = com.linhmanhng.DemoChatZaloClass;
				PRODUCT_NAME = "$(TARGET_NAME)";
				SWIFT_EMIT_LOC_STRINGS = YES;
				SWIFT_VERSION = 5.0;
				TARGETED_DEVICE_FAMILY = "1,2";
			};
			name = Release;
		};
		D377ED052A1BC2E900CA6A2E /* Debug */ = {
			isa = XCBuildConfiguration;
			buildSettings = {
				ALWAYS_EMBED_SWIFT_STANDARD_LIBRARIES = YES;
				BUNDLE_LOADER = "$(TEST_HOST)";
				CODE_SIGN_STYLE = Automatic;
				CURRENT_PROJECT_VERSION = 1;
				GENERATE_INFOPLIST_FILE = YES;
				IPHONEOS_DEPLOYMENT_TARGET = 16.4;
				MARKETING_VERSION = 1.0;
				PRODUCT_BUNDLE_IDENTIFIER = com.linhmanhng.DemoChatZaloClassTests;
				PRODUCT_NAME = "$(TARGET_NAME)";
				SWIFT_EMIT_LOC_STRINGS = NO;
				SWIFT_VERSION = 5.0;
				TARGETED_DEVICE_FAMILY = "1,2";
				TEST_HOST = "$(BUILT_PRODUCTS_DIR)/DemoChatZaloClass.app/$(BUNDLE_EXECUTABLE_FOLDER_PATH)/DemoChatZaloClass";
			};
			name = Debug;
		};
		D377ED062A1BC2E900CA6A2E /* Release */ = {
			isa = XCBuildConfiguration;
			buildSettings = {
				ALWAYS_EMBED_SWIFT_STANDARD_LIBRARIES = YES;
				BUNDLE_LOADER = "$(TEST_HOST)";
				CODE_SIGN_STYLE = Automatic;
				CURRENT_PROJECT_VERSION = 1;
				GENERATE_INFOPLIST_FILE = YES;
				IPHONEOS_DEPLOYMENT_TARGET = 16.4;
				MARKETING_VERSION = 1.0;
				PRODUCT_BUNDLE_IDENTIFIER = com.linhmanhng.DemoChatZaloClassTests;
				PRODUCT_NAME = "$(TARGET_NAME)";
				SWIFT_EMIT_LOC_STRINGS = NO;
				SWIFT_VERSION = 5.0;
				TARGETED_DEVICE_FAMILY = "1,2";
				TEST_HOST = "$(BUILT_PRODUCTS_DIR)/DemoChatZaloClass.app/$(BUNDLE_EXECUTABLE_FOLDER_PATH)/DemoChatZaloClass";
			};
			name = Release;
		};
		D377ED082A1BC2E900CA6A2E /* Debug */ = {
			isa = XCBuildConfiguration;
			buildSettings = {
				ALWAYS_EMBED_SWIFT_STANDARD_LIBRARIES = YES;
				CODE_SIGN_STYLE = Automatic;
				CURRENT_PROJECT_VERSION = 1;
				GENERATE_INFOPLIST_FILE = YES;
				MARKETING_VERSION = 1.0;
				PRODUCT_BUNDLE_IDENTIFIER = com.linhmanhng.DemoChatZaloClassUITests;
				PRODUCT_NAME = "$(TARGET_NAME)";
				SWIFT_EMIT_LOC_STRINGS = NO;
				SWIFT_VERSION = 5.0;
				TARGETED_DEVICE_FAMILY = "1,2";
				TEST_TARGET_NAME = DemoChatZaloClass;
			};
			name = Debug;
		};
		D377ED092A1BC2E900CA6A2E /* Release */ = {
			isa = XCBuildConfiguration;
			buildSettings = {
				ALWAYS_EMBED_SWIFT_STANDARD_LIBRARIES = YES;
				CODE_SIGN_STYLE = Automatic;
				CURRENT_PROJECT_VERSION = 1;
				GENERATE_INFOPLIST_FILE = YES;
				MARKETING_VERSION = 1.0;
				PRODUCT_BUNDLE_IDENTIFIER = com.linhmanhng.DemoChatZaloClassUITests;
				PRODUCT_NAME = "$(TARGET_NAME)";
				SWIFT_EMIT_LOC_STRINGS = NO;
				SWIFT_VERSION = 5.0;
				TARGETED_DEVICE_FAMILY = "1,2";
				TEST_TARGET_NAME = DemoChatZaloClass;
			};
			name = Release;
		};
/* End XCBuildConfiguration section */

/* Begin XCConfigurationList section */
		D377ECD22A1BC2E700CA6A2E /* Build configuration list for PBXProject "DemoChatZaloClass" */ = {
			isa = XCConfigurationList;
			buildConfigurations = (
				D377ECFF2A1BC2E900CA6A2E /* Debug */,
				D377ED002A1BC2E900CA6A2E /* Release */,
			);
			defaultConfigurationIsVisible = 0;
			defaultConfigurationName = Release;
		};
		D377ED012A1BC2E900CA6A2E /* Build configuration list for PBXNativeTarget "DemoChatZaloClass" */ = {
			isa = XCConfigurationList;
			buildConfigurations = (
				D377ED022A1BC2E900CA6A2E /* Debug */,
				D377ED032A1BC2E900CA6A2E /* Release */,
			);
			defaultConfigurationIsVisible = 0;
			defaultConfigurationName = Release;
		};
		D377ED042A1BC2E900CA6A2E /* Build configuration list for PBXNativeTarget "DemoChatZaloClassTests" */ = {
			isa = XCConfigurationList;
			buildConfigurations = (
				D377ED052A1BC2E900CA6A2E /* Debug */,
				D377ED062A1BC2E900CA6A2E /* Release */,
			);
			defaultConfigurationIsVisible = 0;
			defaultConfigurationName = Release;
		};
		D377ED072A1BC2E900CA6A2E /* Build configuration list for PBXNativeTarget "DemoChatZaloClassUITests" */ = {
			isa = XCConfigurationList;
			buildConfigurations = (
				D377ED082A1BC2E900CA6A2E /* Debug */,
				D377ED092A1BC2E900CA6A2E /* Release */,
			);
			defaultConfigurationIsVisible = 0;
			defaultConfigurationName = Release;
		};
/* End XCConfigurationList section */
	};
	rootObject = D377ECCF2A1BC2E700CA6A2E /* Project object */;
}
